// !$*UTF8*$!
{
	archiveVersion = 1;
	classes = {
	};
	objectVersion = 60;
	objects = {

/* Begin PBXBuildFile section */
		A10000000000000000000001 /* AppLaunchProfile.swift in Sources */ = {isa = PBXBuildFile; fileRef = B10000000000000000000001 /* AppLaunchProfile.swift */; };
		A10000000000000000000002 /* AppPhase.swift in Sources */ = {isa = PBXBuildFile; fileRef = B10000000000000000000002 /* AppPhase.swift */; };
		A10000000000000000000003 /* ChannelRendering.swift in Sources */ = {isa = PBXBuildFile; fileRef = B10000000000000000000003 /* ChannelRendering.swift */; };
		A10000000000000000000004 /* ContentView.swift in Sources */ = {isa = PBXBuildFile; fileRef = B10000000000000000000004 /* ContentView.swift */; };
		A10000000000000000000005 /* IOSAppModel.swift in Sources */ = {isa = PBXBuildFile; fileRef = B10000000000000000000005 /* IOSAppModel.swift */; };
		A10000000000000000000006 /* MessageActionModels.swift in Sources */ = {isa = PBXBuildFile; fileRef = B10000000000000000000006 /* MessageActionModels.swift */; };
		A10000000000000000000007 /* NotDiscordButiOSApp.swift in Sources */ = {isa = PBXBuildFile; fileRef = B10000000000000000000007 /* NotDiscordButiOSApp.swift */; };
		A10000000000000000000008 /* SettingsModel.swift in Sources */ = {isa = PBXBuildFile; fileRef = B10000000000000000000008 /* SettingsModel.swift */; };
		A10000000000000000000009 /* TimelineModel.swift in Sources */ = {isa = PBXBuildFile; fileRef = B10000000000000000000009 /* TimelineModel.swift */; };
		A1000000000000000000000A /* WorkspaceNavigationModels.swift in Sources */ = {isa = PBXBuildFile; fileRef = B1000000000000000000000A /* WorkspaceNavigationModels.swift */; };
		A1000000000000000000000B /* WorkspaceSelection.swift in Sources */ = {isa = PBXBuildFile; fileRef = B1000000000000000000000B /* WorkspaceSelection.swift */; };
		A1000000000000000000000C /* AuthFlowModel.swift in Sources */ = {isa = PBXBuildFile; fileRef = B1000000000000000000000C /* AuthFlowModel.swift */; };
		A1000000000000000000000D /* IOSAuthView.swift in Sources */ = {isa = PBXBuildFile; fileRef = B1000000000000000000000D /* IOSAuthView.swift */; };
		A1000000000000000000000E /* IOSChannelListView.swift in Sources */ = {isa = PBXBuildFile; fileRef = B1000000000000000000000E /* IOSChannelListView.swift */; };
		A1000000000000000000000F /* IOSChannelRow.swift in Sources */ = {isa = PBXBuildFile; fileRef = B1000000000000000000000F /* IOSChannelRow.swift */; };
		A10000000000000000000010 /* IOSComposerBar.swift in Sources */ = {isa = PBXBuildFile; fileRef = B10000000000000000000010 /* IOSComposerBar.swift */; };
		A10000000000000000000011 /* IOSComposerModel.swift in Sources */ = {isa = PBXBuildFile; fileRef = B10000000000000000000011 /* IOSComposerModel.swift */; };
		A10000000000000000000012 /* FilterMode.swift in Sources */ = {isa = PBXBuildFile; fileRef = B10000000000000000000012 /* FilterMode.swift */; };
		A10000000000000000000013 /* HorizontalSourceStrip.swift in Sources */ = {isa = PBXBuildFile; fileRef = B10000000000000000000013 /* HorizontalSourceStrip.swift */; };
		A10000000000000000000014 /* SourceFilterBar.swift in Sources */ = {isa = PBXBuildFile; fileRef = B10000000000000000000014 /* SourceFilterBar.swift */; };
		A10000000000000000000015 /* IOSProfileView.swift in Sources */ = {isa = PBXBuildFile; fileRef = B10000000000000000000015 /* IOSProfileView.swift */; };
		A10000000000000000000016 /* IOSGlobalSearchView.swift in Sources */ = {isa = PBXBuildFile; fileRef = B10000000000000000000016 /* IOSGlobalSearchView.swift */; };
		A10000000000000000000017 /* IOSDiscordAvatarView.swift in Sources */ = {isa = PBXBuildFile; fileRef = B10000000000000000000017 /* IOSDiscordAvatarView.swift */; };
		A10000000000000000000018 /* IOSDiscordBannerView.swift in Sources */ = {isa = PBXBuildFile; fileRef = B10000000000000000000018 /* IOSDiscordBannerView.swift */; };
		A10000000000000000000019 /* IOSDiscordGuildIconView.swift in Sources */ = {isa = PBXBuildFile; fileRef = B10000000000000000000019 /* IOSDiscordGuildIconView.swift */; };
		A1000000000000000000001A /* IOSRemoteAssetView.swift in Sources */ = {isa = PBXBuildFile; fileRef = B1000000000000000000001A /* IOSRemoteAssetView.swift */; };
		A1000000000000000000001B /* IOSLinkPreviewCard.swift in Sources */ = {isa = PBXBuildFile; fileRef = B1000000000000000000001B /* IOSLinkPreviewCard.swift */; };
		A1000000000000000000001C /* IOSMediaViewer.swift in Sources */ = {isa = PBXBuildFile; fileRef = B1000000000000000000001C /* IOSMediaViewer.swift */; };
		A1000000000000000000001D /* IOSMessageBubble.swift in Sources */ = {isa = PBXBuildFile; fileRef = B1000000000000000000001D /* IOSMessageBubble.swift */; };
		A1000000000000000000001E /* IOSMessageClusterRow.swift in Sources */ = {isa = PBXBuildFile; fileRef = B1000000000000000000001E /* IOSMessageClusterRow.swift */; };
		A1000000000000000000001F /* IOSReactionBar.swift in Sources */ = {isa = PBXBuildFile; fileRef = B1000000000000000000001F /* IOSReactionBar.swift */; };
		A10000000000000000000020 /* IOSReplyBanner.swift in Sources */ = {isa = PBXBuildFile; fileRef = B10000000000000000000020 /* IOSReplyBanner.swift */; };
		A10000000000000000000021 /* IOSTimelineView.swift in Sources */ = {isa = PBXBuildFile; fileRef = B10000000000000000000021 /* IOSTimelineView.swift */; };
		A10000000000000000000022 /* DiscordKit in Frameworks */ = {isa = PBXBuildFile; productRef = D10000000000000000000001 /* DiscordKit */; };
/* End PBXBuildFile section */

/* Begin PBXFileReference section */
		B10000000000000000000001 /* AppLaunchProfile.swift */ = {isa = PBXFileReference; lastKnownFileType = sourcecode.swift; path = AppLaunchProfile.swift; sourceTree = "<group>"; };
		B10000000000000000000002 /* AppPhase.swift */ = {isa = PBXFileReference; lastKnownFileType = sourcecode.swift; path = AppPhase.swift; sourceTree = "<group>"; };
		B10000000000000000000003 /* ChannelRendering.swift */ = {isa = PBXFileReference; lastKnownFileType = sourcecode.swift; path = ChannelRendering.swift; sourceTree = "<group>"; };
		B10000000000000000000004 /* ContentView.swift */ = {isa = PBXFileReference; lastKnownFileType = sourcecode.swift; path = ContentView.swift; sourceTree = "<group>"; };
		B10000000000000000000005 /* IOSAppModel.swift */ = {isa = PBXFileReference; lastKnownFileType = sourcecode.swift; path = IOSAppModel.swift; sourceTree = "<group>"; };
		B10000000000000000000006 /* MessageActionModels.swift */ = {isa = PBXFileReference; lastKnownFileType = sourcecode.swift; path = MessageActionModels.swift; sourceTree = "<group>"; };
		B10000000000000000000007 /* NotDiscordButiOSApp.swift */ = {isa = PBXFileReference; lastKnownFileType = sourcecode.swift; path = NotDiscordButiOSApp.swift; sourceTree = "<group>"; };
		B10000000000000000000008 /* SettingsModel.swift */ = {isa = PBXFileReference; lastKnownFileType = sourcecode.swift; path = SettingsModel.swift; sourceTree = "<group>"; };
		B10000000000000000000009 /* TimelineModel.swift */ = {isa = PBXFileReference; lastKnownFileType = sourcecode.swift; path = TimelineModel.swift; sourceTree = "<group>"; };
		B1000000000000000000000A /* WorkspaceNavigationModels.swift */ = {isa = PBXFileReference; lastKnownFileType = sourcecode.swift; path = WorkspaceNavigationModels.swift; sourceTree = "<group>"; };
		B1000000000000000000000B /* WorkspaceSelection.swift */ = {isa = PBXFileReference; lastKnownFileType = sourcecode.swift; path = WorkspaceSelection.swift; sourceTree = "<group>"; };
		B1000000000000000000000C /* AuthFlowModel.swift */ = {isa = PBXFileReference; lastKnownFileType = sourcecode.swift; path = AuthFlowModel.swift; sourceTree = "<group>"; };
		B1000000000000000000000D /* IOSAuthView.swift */ = {isa = PBXFileReference; lastKnownFileType = sourcecode.swift; path = IOSAuthView.swift; sourceTree = "<group>"; };
		B1000000000000000000000E /* IOSChannelListView.swift */ = {isa = PBXFileReference; lastKnownFileType = sourcecode.swift; path = IOSChannelListView.swift; sourceTree = "<group>"; };
		B1000000000000000000000F /* IOSChannelRow.swift */ = {isa = PBXFileReference; lastKnownFileType = sourcecode.swift; path = IOSChannelRow.swift; sourceTree = "<group>"; };
		B10000000000000000000010 /* IOSComposerBar.swift */ = {isa = PBXFileReference; lastKnownFileType = sourcecode.swift; path = IOSComposerBar.swift; sourceTree = "<group>"; };
		B10000000000000000000011 /* IOSComposerModel.swift */ = {isa = PBXFileReference; lastKnownFileType = sourcecode.swift; path = IOSComposerModel.swift; sourceTree = "<group>"; };
		B10000000000000000000012 /* FilterMode.swift */ = {isa = PBXFileReference; lastKnownFileType = sourcecode.swift; path = FilterMode.swift; sourceTree = "<group>"; };
		B10000000000000000000013 /* HorizontalSourceStrip.swift */ = {isa = PBXFileReference; lastKnownFileType = sourcecode.swift; path = HorizontalSourceStrip.swift; sourceTree = "<group>"; };
		B10000000000000000000014 /* SourceFilterBar.swift */ = {isa = PBXFileReference; lastKnownFileType = sourcecode.swift; path = SourceFilterBar.swift; sourceTree = "<group>"; };
		B10000000000000000000015 /* IOSProfileView.swift */ = {isa = PBXFileReference; lastKnownFileType = sourcecode.swift; path = IOSProfileView.swift; sourceTree = "<group>"; };
		B10000000000000000000016 /* IOSGlobalSearchView.swift */ = {isa = PBXFileReference; lastKnownFileType = sourcecode.swift; path = IOSGlobalSearchView.swift; sourceTree = "<group>"; };
		B10000000000000000000017 /* IOSDiscordAvatarView.swift */ = {isa = PBXFileReference; lastKnownFileType = sourcecode.swift; path = IOSDiscordAvatarView.swift; sourceTree = "<group>"; };
		B10000000000000000000018 /* IOSDiscordBannerView.swift */ = {isa = PBXFileReference; lastKnownFileType = sourcecode.swift; path = IOSDiscordBannerView.swift; sourceTree = "<group>"; };
		B10000000000000000000019 /* IOSDiscordGuildIconView.swift */ = {isa = PBXFileReference; lastKnownFileType = sourcecode.swift; path = IOSDiscordGuildIconView.swift; sourceTree = "<group>"; };
		B1000000000000000000001A /* IOSRemoteAssetView.swift */ = {isa = PBXFileReference; lastKnownFileType = sourcecode.swift; path = IOSRemoteAssetView.swift; sourceTree = "<group>"; };
		B1000000000000000000001B /* IOSLinkPreviewCard.swift */ = {isa = PBXFileReference; lastKnownFileType = sourcecode.swift; path = IOSLinkPreviewCard.swift; sourceTree = "<group>"; };
		B1000000000000000000001C /* IOSMediaViewer.swift */ = {isa = PBXFileReference; lastKnownFileType = sourcecode.swift; path = IOSMediaViewer.swift; sourceTree = "<group>"; };
		B1000000000000000000001D /* IOSMessageBubble.swift */ = {isa = PBXFileReference; lastKnownFileType = sourcecode.swift; path = IOSMessageBubble.swift; sourceTree = "<group>"; };
		B1000000000000000000001E /* IOSMessageClusterRow.swift */ = {isa = PBXFileReference; lastKnownFileType = sourcecode.swift; path = IOSMessageClusterRow.swift; sourceTree = "<group>"; };
		B1000000000000000000001F /* IOSReactionBar.swift */ = {isa = PBXFileReference; lastKnownFileType = sourcecode.swift; path = IOSReactionBar.swift; sourceTree = "<group>"; };
		B10000000000000000000020 /* IOSReplyBanner.swift */ = {isa = PBXFileReference; lastKnownFileType = sourcecode.swift; path = IOSReplyBanner.swift; sourceTree = "<group>"; };
		B10000000000000000000021 /* IOSTimelineView.swift */ = {isa = PBXFileReference; lastKnownFileType = sourcecode.swift; path = IOSTimelineView.swift; sourceTree = "<group>"; };
		C10000000000000000000001 /* NotDiscordButiOS.app */ = {isa = PBXFileReference; explicitFileType = wrapper.application; includeInIndex = 0; path = NotDiscordButiOS.app; sourceTree = BUILT_PRODUCTS_DIR; };
/* End PBXFileReference section */

/* Begin PBXFrameworksBuildPhase section */
		C10000000000000000000002 /* Frameworks */ = {
			isa = PBXFrameworksBuildPhase;
			buildActionMask = 2147483647;
			files = (
				A10000000000000000000022 /* DiscordKit in Frameworks */,
			);
			runOnlyForDeploymentPostprocessing = 0;
		};
/* End PBXFrameworksBuildPhase section */

/* Begin PBXGroup section */
		C10000000000000000000003 = {
			isa = PBXGroup;
			children = (
				C10000000000000000000005 /* Sources */,
				C10000000000000000000004 /* Products */,
			);
			sourceTree = "<group>";
		};
		C10000000000000000000004 /* Products */ = {
			isa = PBXGroup;
			children = (
				C10000000000000000000001 /* NotDiscordButiOS.app */,
			);
			name = Products;
			sourceTree = "<group>";
		};
		C10000000000000000000005 /* Sources */ = {
			isa = PBXGroup;
			children = (
				C10000000000000000000006 /* NotDiscordButiOS */,
			);
			path = Sources;
			sourceTree = "<group>";
		};
		C10000000000000000000006 /* NotDiscordButiOS */ = {
			isa = PBXGroup;
			children = (
				B10000000000000000000001 /* AppLaunchProfile.swift */,
				B10000000000000000000002 /* AppPhase.swift */,
				B10000000000000000000003 /* ChannelRendering.swift */,
				B10000000000000000000004 /* ContentView.swift */,
				B10000000000000000000005 /* IOSAppModel.swift */,
				B10000000000000000000006 /* MessageActionModels.swift */,
				B10000000000000000000007 /* NotDiscordButiOSApp.swift */,
				B10000000000000000000008 /* SettingsModel.swift */,
				B10000000000000000000009 /* TimelineModel.swift */,
				B1000000000000000000000A /* WorkspaceNavigationModels.swift */,
				B1000000000000000000000B /* WorkspaceSelection.swift */,
				C10000000000000000000007 /* Auth */,
				C10000000000000000000008 /* Channels */,
				C10000000000000000000009 /* Composer */,
				C1000000000000000000000A /* Navigation */,
				C1000000000000000000000B /* Profile */,
				C1000000000000000000000C /* Search */,
				C1000000000000000000000D /* Shared */,
				C1000000000000000000000E /* Timeline */,
			);
			path = NotDiscordButiOS;
			sourceTree = "<group>";
		};
		C10000000000000000000007 /* Auth */ = {
			isa = PBXGroup;
			children = (
				B1000000000000000000000C /* AuthFlowModel.swift */,
				B1000000000000000000000D /* IOSAuthView.swift */,
			);
			path = Auth;
			sourceTree = "<group>";
		};
		C10000000000000000000008 /* Channels */ = {
			isa = PBXGroup;
			children = (
				B1000000000000000000000E /* IOSChannelListView.swift */,
				B1000000000000000000000F /* IOSChannelRow.swift */,
			);
			path = Channels;
			sourceTree = "<group>";
		};
		C10000000000000000000009 /* Composer */ = {
			isa = PBXGroup;
			children = (
				B10000000000000000000010 /* IOSComposerBar.swift */,
				B10000000000000000000011 /* IOSComposerModel.swift */,
			);
			path = Composer;
			sourceTree = "<group>";
		};
		C1000000000000000000000A /* Navigation */ = {
			isa = PBXGroup;
			children = (
				B10000000000000000000012 /* FilterMode.swift */,
				B10000000000000000000013 /* HorizontalSourceStrip.swift */,
				B10000000000000000000014 /* SourceFilterBar.swift */,
			);
			path = Navigation;
			sourceTree = "<group>";
		};
		C1000000000000000000000B /* Profile */ = {
			isa = PBXGroup;
			children = (
				B10000000000000000000015 /* IOSProfileView.swift */,
			);
			path = Profile;
			sourceTree = "<group>";
		};
		C1000000000000000000000C /* Search */ = {
			isa = PBXGroup;
			children = (
				B10000000000000000000016 /* IOSGlobalSearchView.swift */,
			);
			path = Search;
			sourceTree = "<group>";
		};
		C1000000000000000000000D /* Shared */ = {
			isa = PBXGroup;
			children = (
				B10000000000000000000017 /* IOSDiscordAvatarView.swift */,
				B10000000000000000000018 /* IOSDiscordBannerView.swift */,
				B10000000000000000000019 /* IOSDiscordGuildIconView.swift */,
				B1000000000000000000001A /* IOSRemoteAssetView.swift */,
			);
			path = Shared;
			sourceTree = "<group>";
		};
		C1000000000000000000000E /* Timeline */ = {
			isa = PBXGroup;
			children = (
				B1000000000000000000001B /* IOSLinkPreviewCard.swift */,
				B1000000000000000000001C /* IOSMediaViewer.swift */,
				B1000000000000000000001D /* IOSMessageBubble.swift */,
				B1000000000000000000001E /* IOSMessageClusterRow.swift */,
				B1000000000000000000001F /* IOSReactionBar.swift */,
				B10000000000000000000020 /* IOSReplyBanner.swift */,
				B10000000000000000000021 /* IOSTimelineView.swift */,
			);
			path = Timeline;
			sourceTree = "<group>";
		};
/* End PBXGroup section */

/* Begin PBXNativeTarget section */
		C1000000000000000000000F /* NotDiscordButiOS */ = {
			isa = PBXNativeTarget;
			buildConfigurationList = C10000000000000000000014 /* Build configuration list for PBXNativeTarget "NotDiscordButiOS" */;
			buildPhases = (
				C10000000000000000000010 /* Sources */,
				C10000000000000000000002 /* Frameworks */,
				C10000000000000000000011 /* Resources */,
			);
			buildRules = (
			);
			dependencies = (
			);
			name = NotDiscordButiOS;
			packageProductDependencies = (
				D10000000000000000000001 /* DiscordKit */,
			);
			productName = NotDiscordButiOS;
			productReference = C10000000000000000000001 /* NotDiscordButiOS.app */;
			productType = "com.apple.product-type.application";
		};
/* End PBXNativeTarget section */

/* Begin PBXProject section */
		C10000000000000000000012 /* Project object */ = {
			isa = PBXProject;
			attributes = {
				BuildIndependentTargetsInParallel = 1;
				LastSwiftUpdateCheck = 1600;
				LastUpgradeCheck = 1600;
				TargetAttributes = {
					C1000000000000000000000F = {
						CreatedOnToolsVersion = 16.0;
					};
				};
			};
			buildConfigurationList = C10000000000000000000013 /* Build configuration list for PBXProject "NotDiscordButiOS" */;
			compatibilityVersion = "Xcode 14.0";
			developmentRegion = en;
			hasScannedForEncodings = 0;
			knownRegions = (
				en,
				Base,
			);
			mainGroup = C10000000000000000000003;
			packageReferences = (
				D10000000000000000000002 /* XCLocalSwiftPackageReference "../../" */,
			);
			productRefGroup = C10000000000000000000004 /* Products */;
			projectDirPath = "";
			projectRoot = "";
			targets = (
				C1000000000000000000000F /* NotDiscordButiOS */,
			);
		};
/* End PBXProject section */

/* Begin PBXResourcesBuildPhase section */
		C10000000000000000000011 /* Resources */ = {
			isa = PBXResourcesBuildPhase;
			buildActionMask = 2147483647;
			files = (
			);
			runOnlyForDeploymentPostprocessing = 0;
		};
/* End PBXResourcesBuildPhase section */

/* Begin PBXSourcesBuildPhase section */
		C10000000000000000000010 /* Sources */ = {
			isa = PBXSourcesBuildPhase;
			buildActionMask = 2147483647;
			files = (
				A10000000000000000000001 /* AppLaunchProfile.swift in Sources */,
				A10000000000000000000002 /* AppPhase.swift in Sources */,
				A10000000000000000000003 /* ChannelRendering.swift in Sources */,
				A10000000000000000000004 /* ContentView.swift in Sources */,
				A10000000000000000000005 /* IOSAppModel.swift in Sources */,
				A10000000000000000000006 /* MessageActionModels.swift in Sources */,
				A10000000000000000000007 /* NotDiscordButiOSApp.swift in Sources */,
				A10000000000000000000008 /* SettingsModel.swift in Sources */,
				A10000000000000000000009 /* TimelineModel.swift in Sources */,
				A1000000000000000000000A /* WorkspaceNavigationModels.swift in Sources */,
				A1000000000000000000000B /* WorkspaceSelection.swift in Sources */,
				A1000000000000000000000C /* AuthFlowModel.swift in Sources */,
				A1000000000000000000000D /* IOSAuthView.swift in Sources */,
				A1000000000000000000000E /* IOSChannelListView.swift in Sources */,
				A1000000000000000000000F /* IOSChannelRow.swift in Sources */,
				A10000000000000000000010 /* IOSComposerBar.swift in Sources */,
				A10000000000000000000011 /* IOSComposerModel.swift in Sources */,
				A10000000000000000000012 /* FilterMode.swift in Sources */,
				A10000000000000000000013 /* HorizontalSourceStrip.swift in Sources */,
				A10000000000000000000014 /* SourceFilterBar.swift in Sources */,
				A10000000000000000000015 /* IOSProfileView.swift in Sources */,
				A10000000000000000000016 /* IOSGlobalSearchView.swift in Sources */,
				A10000000000000000000017 /* IOSDiscordAvatarView.swift in Sources */,
				A10000000000000000000018 /* IOSDiscordBannerView.swift in Sources */,
				A10000000000000000000019 /* IOSDiscordGuildIconView.swift in Sources */,
				A1000000000000000000001A /* IOSRemoteAssetView.swift in Sources */,
				A1000000000000000000001B /* IOSLinkPreviewCard.swift in Sources */,
				A1000000000000000000001C /* IOSMediaViewer.swift in Sources */,
				A1000000000000000000001D /* IOSMessageBubble.swift in Sources */,
				A1000000000000000000001E /* IOSMessageClusterRow.swift in Sources */,
				A1000000000000000000001F /* IOSReactionBar.swift in Sources */,
				A10000000000000000000020 /* IOSReplyBanner.swift in Sources */,
				A10000000000000000000021 /* IOSTimelineView.swift in Sources */,
			);
			runOnlyForDeploymentPostprocessing = 0;
		};
/* End PBXSourcesBuildPhase section */

/* Begin XCBuildConfiguration section */
		E10000000000000000000001 /* Debug */ = {
			isa = XCBuildConfiguration;
			buildSettings = {
				ALWAYS_SEARCH_USER_PATHS = NO;
				ASSETCATALOG_COMPILER_GENERATE_SWIFT_ASSET_SYMBOL_EXTENSIONS = YES;
				CLANG_ANALYZER_NONNULL = YES;
				CLANG_ANALYZER_NUMBER_OBJECT_CONVERSION = YES_AGGRESSIVE;
				CLANG_CXX_LANGUAGE_STANDARD = "gnu++20";
				CLANG_ENABLE_MODULES = YES;
				CLANG_ENABLE_OBJC_ARC = YES;
				CLANG_ENABLE_OBJC_WEAK = YES;
				CLANG_WARN_BLOCK_CAPTURE_AUTORELEASING = YES;
				CLANG_WARN_BOOL_CONVERSION = YES;
				CLANG_WARN_COMMA = YES;
				CLANG_WARN_CONSTANT_CONVERSION = YES;
				CLANG_WARN_DEPRECATED_OBJC_IMPLEMENTATIONS = YES;
				CLANG_WARN_DIRECT_OBJC_ISA_USAGE = YES_ERROR;
				CLANG_WARN_DOCUMENTATION_COMMENTS = YES;
				CLANG_WARN_EMPTY_BODY = YES;
				CLANG_WARN_ENUM_CONVERSION = YES;
				CLANG_WARN_INFINITE_RECURSION = YES;
				CLANG_WARN_INT_CONVERSION = YES;
				CLANG_WARN_NON_LITERAL_NULL_CONVERSION = YES;
				CLANG_WARN_OBJC_IMPLICIT_RETAIN_SELF = YES;
				CLANG_WARN_OBJC_LITERAL_CONVERSION = YES;
				CLANG_WARN_OBJC_ROOT_CLASS = YES_ERROR;
				CLANG_WARN_QUOTED_INCLUDE_IN_FRAMEWORK_HEADER = YES;
				CLANG_WARN_RANGE_LOOP_ANALYSIS = YES;
				CLANG_WARN_STRICT_PROTOTYPES = YES;
				CLANG_WARN_SUSPICIOUS_MOVE = YES;
				CLANG_WARN_UNGUARDED_AVAILABILITY = YES_AGGRESSIVE;
				CLANG_WARN_UNREACHABLE_CODE = YES;
				CLANG_WARN__DUPLICATE_METHOD_MATCH = YES;
				COPY_PHASE_STRIP = NO;
				DEBUG_INFORMATION_FORMAT = dwarf;
				ENABLE_STRICT_OBJC_MSGSEND = YES;
				ENABLE_TESTABILITY = YES;
				ENABLE_USER_SCRIPT_SANDBOXING = YES;
				GCC_C_LANGUAGE_STANDARD = gnu17;
				GCC_DYNAMIC_NO_PIC = NO;
				GCC_NO_COMMON_BLOCKS = YES;
				GCC_OPTIMIZATION_LEVEL = 0;
				GCC_PREPROCESSOR_DEFINITIONS = (
					"DEBUG=1",
					"$(inherited)",
				);
				GCC_WARN_64_TO_32_BIT_CONVERSION = YES;
				GCC_WARN_ABOUT_RETURN_TYPE = YES_ERROR;
				GCC_WARN_UNDECLARED_SELECTOR = YES;
				GCC_WARN_UNINITIALIZED_AUTOS = YES_AGGRESSIVE;
				GCC_WARN_UNUSED_FUNCTION = YES;
				GCC_WARN_UNUSED_VARIABLE = YES;
				IPHONEOS_DEPLOYMENT_TARGET = 17.0;
				LOCALIZATION_PREFERS_STRING_CATALOGS = YES;
				MTL_ENABLE_DEBUG_INFO = INCLUDE_SOURCE;
				MTL_FAST_MATH = YES;
				ONLY_ACTIVE_ARCH = YES;
				SDKROOT = iphoneos;
				SWIFT_ACTIVE_COMPILATION_CONDITIONS = "$(inherited) DEBUG";
				SWIFT_OPTIMIZATION_LEVEL = "-Onone";
				SWIFT_STRICT_CONCURRENCY = complete;
				SWIFT_VERSION = 6.0;
			};
			name = Debug;
		};
		E10000000000000000000002 /* Release */ = {
			isa = XCBuildConfiguration;
			buildSettings = {
				ALWAYS_SEARCH_USER_PATHS = NO;
				ASSETCATALOG_COMPILER_GENERATE_SWIFT_ASSET_SYMBOL_EXTENSIONS = YES;
				CLANG_ANALYZER_NONNULL = YES;
				CLANG_ANALYZER_NUMBER_OBJECT_CONVERSION = YES_AGGRESSIVE;
				CLANG_CXX_LANGUAGE_STANDARD = "gnu++20";
				CLANG_ENABLE_MODULES = YES;
				CLANG_ENABLE_OBJC_ARC = YES;
				CLANG_ENABLE_OBJC_WEAK = YES;
				CLANG_WARN_BLOCK_CAPTURE_AUTORELEASING = YES;
				CLANG_WARN_BOOL_CONVERSION = YES;
				CLANG_WARN_COMMA = YES;
				CLANG_WARN_CONSTANT_CONVERSION = YES;
				CLANG_WARN_DEPRECATED_OBJC_IMPLEMENTATIONS = YES;
				CLANG_WARN_DIRECT_OBJC_ISA_USAGE = YES_ERROR;
				CLANG_WARN_DOCUMENTATION_COMMENTS = YES;
				CLANG_WARN_EMPTY_BODY = YES;
				CLANG_WARN_ENUM_CONVERSION = YES;
				CLANG_WARN_INFINITE_RECURSION = YES;
				CLANG_WARN_INT_CONVERSION = YES;
				CLANG_WARN_NON_LITERAL_NULL_CONVERSION = YES;
				CLANG_WARN_OBJC_IMPLICIT_RETAIN_SELF = YES;
				CLANG_WARN_OBJC_LITERAL_CONVERSION = YES;
				CLANG_WARN_OBJC_ROOT_CLASS = YES_ERROR;
				CLANG_WARN_QUOTED_INCLUDE_IN_FRAMEWORK_HEADER = YES;
				CLANG_WARN_RANGE_LOOP_ANALYSIS = YES;
				CLANG_WARN_STRICT_PROTOTYPES = YES;
				CLANG_WARN_SUSPICIOUS_MOVE = YES;
				CLANG_WARN_UNGUARDED_AVAILABILITY = YES_AGGRESSIVE;
				CLANG_WARN_UNREACHABLE_CODE = YES;
				CLANG_WARN__DUPLICATE_METHOD_MATCH = YES;
				COPY_PHASE_STRIP = NO;
				DEBUG_INFORMATION_FORMAT = "dwarf-with-dsym";
				ENABLE_NS_ASSERTIONS = NO;
				ENABLE_STRICT_OBJC_MSGSEND = YES;
				ENABLE_USER_SCRIPT_SANDBOXING = YES;
				GCC_C_LANGUAGE_STANDARD = gnu17;
				GCC_NO_COMMON_BLOCKS = YES;
				GCC_WARN_64_TO_32_BIT_CONVERSION = YES;
				GCC_WARN_ABOUT_RETURN_TYPE = YES_ERROR;
				GCC_WARN_UNDECLARED_SELECTOR = YES;
				GCC_WARN_UNINITIALIZED_AUTOS = YES_AGGRESSIVE;
				GCC_WARN_UNUSED_FUNCTION = YES;
				GCC_WARN_UNUSED_VARIABLE = YES;
				IPHONEOS_DEPLOYMENT_TARGET = 17.0;
				LOCALIZATION_PREFERS_STRING_CATALOGS = YES;
				MTL_ENABLE_DEBUG_INFO = NO;
				MTL_FAST_MATH = YES;
				SDKROOT = iphoneos;
				SWIFT_COMPILATION_MODE = wholemodule;
				SWIFT_STRICT_CONCURRENCY = complete;
				SWIFT_VERSION = 6.0;
				VALIDATE_PRODUCT = YES;
			};
			name = Release;
		};
		E10000000000000000000003 /* Debug */ = {
			isa = XCBuildConfiguration;
			buildSettings = {
				ASSETCATALOG_COMPILER_APPICON_NAME = AppIcon;
				ASSETCATALOG_COMPILER_GLOBAL_ACCENT_COLOR_NAME = AccentColor;
				CODE_SIGN_STYLE = Automatic;
				CURRENT_PROJECT_VERSION = 1;
				DEVELOPMENT_TEAM = 38PF794TM3;
				GENERATE_INFOPLIST_FILE = YES;
				INFOPLIST_KEY_UIApplicationSceneManifest_Generation = YES;
				INFOPLIST_KEY_UIApplicationSupportsIndirectInputEvents = YES;
				INFOPLIST_KEY_UILaunchScreen_Generation = YES;
				INFOPLIST_KEY_UISupportedInterfaceOrientations_iPad = "UIInterfaceOrientationPortrait UIInterfaceOrientationPortraitUpsideDown UIInterfaceOrientationLandscapeLeft UIInterfaceOrientationLandscapeRight";
				INFOPLIST_KEY_UISupportedInterfaceOrientations_iPhone = "UIInterfaceOrientationPortrait UIInterfaceOrientationLandscapeLeft UIInterfaceOrientationLandscapeRight";
				MARKETING_VERSION = 1.0;
				PRODUCT_BUNDLE_IDENTIFIER = com.notdiscordbut.ios;
				PRODUCT_NAME = "$(TARGET_NAME)";
				SUPPORTED_PLATFORMS = "iphoneos iphonesimulator";
				SUPPORTS_MACCATALYST = NO;
				SWIFT_EMIT_LOC_STRINGS = YES;
				SWIFT_STRICT_CONCURRENCY = complete;
				SWIFT_VERSION = 6.0;
				TARGETED_DEVICE_FAMILY = "1,2";
			};
			name = Debug;
		};
		E10000000000000000000004 /* Release */ = {
			isa = XCBuildConfiguration;
			buildSettings = {
				ASSETCATALOG_COMPILER_APPICON_NAME = AppIcon;
				ASSETCATALOG_COMPILER_GLOBAL_ACCENT_COLOR_NAME = AccentColor;
				CODE_SIGN_STYLE = Automatic;
				CURRENT_PROJECT_VERSION = 1;
				DEVELOPMENT_TEAM = 38PF794TM3;
				GENERATE_INFOPLIST_FILE = YES;
				INFOPLIST_KEY_UIApplicationSceneManifest_Generation = YES;
				INFOPLIST_KEY_UIApplicationSupportsIndirectInputEvents = YES;
				INFOPLIST_KEY_UILaunchScreen_Generation = YES;
				INFOPLIST_KEY_UISupportedInterfaceOrientations_iPad = "UIInterfaceOrientationPortrait UIInterfaceOrientationPortraitUpsideDown UIInterfaceOrientationLandscapeLeft UIInterfaceOrientationLandscapeRight";
				INFOPLIST_KEY_UISupportedInterfaceOrientations_iPhone = "UIInterfaceOrientationPortrait UIInterfaceOrientationLandscapeLeft UIInterfaceOrientationLandscapeRight";
				MARKETING_VERSION = 1.0;
				PRODUCT_BUNDLE_IDENTIFIER = com.notdiscordbut.ios;
				PRODUCT_NAME = "$(TARGET_NAME)";
				SUPPORTED_PLATFORMS = "iphoneos iphonesimulator";
				SUPPORTS_MACCATALYST = NO;
				SWIFT_EMIT_LOC_STRINGS = YES;
				SWIFT_STRICT_CONCURRENCY = complete;
				SWIFT_VERSION = 6.0;
				TARGETED_DEVICE_FAMILY = "1,2";
			};
			name = Release;
		};
/* End XCBuildConfiguration section */

/* Begin XCConfigurationList section */
		C10000000000000000000013 /* Build configuration list for PBXProject "NotDiscordButiOS" */ = {
			isa = XCConfigurationList;
			buildConfigurations = (
				E10000000000000000000001 /* Debug */,
				E10000000000000000000002 /* Release */,
			);
			defaultConfigurationIsVisible = 0;
			defaultConfigurationName = Release;
		};
		C10000000000000000000014 /* Build configuration list for PBXNativeTarget "NotDiscordButiOS" */ = {
			isa = XCConfigurationList;
			buildConfigurations = (
				E10000000000000000000003 /* Debug */,
				E10000000000000000000004 /* Release */,
			);
			defaultConfigurationIsVisible = 0;
			defaultConfigurationName = Release;
		};
/* End XCConfigurationList section */

/* Begin XCLocalSwiftPackageReference section */
		D10000000000000000000002 /* XCLocalSwiftPackageReference "../../" */ = {
			isa = XCLocalSwiftPackageReference;
			relativePath = ../../;
		};
/* End XCLocalSwiftPackageReference section */

/* Begin XCSwiftPackageProductDependency section */
		D10000000000000000000001 /* DiscordKit */ = {
			isa = XCSwiftPackageProductDependency;
			package = D10000000000000000000002 /* XCLocalSwiftPackageReference "../../" */;
			productName = DiscordKit;
		};
/* End XCSwiftPackageProductDependency section */
	};
	rootObject = C10000000000000000000012 /* Project object */;
}
